{
  "requires": true,
  "lockfileVersion": 1,
  "dependencies": {
    "html2json": {
      "version": "1.0.2",
      "resolved": "https://registry.npmjs.org/html2json/-/html2json-1.0.2.tgz",
      "integrity": "sha1-ydbSAvplQCOGwgKzRc9RvOgO0e8="
    },
    "js-tokens": {
      "version": "4.0.0",
      "resolved": "https://registry.npmjs.org/js-tokens/-/js-tokens-4.0.0.tgz",
      "integrity": "sha512-RdJUflcE3cUzKiMqQgsCu06FPu9UdIJO0beYbPhHN4k6apgJtifcoCtT9bcxOpYBtpD2kCM6Sbzg4CausW/PKQ=="
    },
    "loose-envify": {
      "version": "1.4.0",
      "resolved": "https://registry.npmjs.org/loose-envify/-/loose-envify-1.4.0.tgz",
      "integrity": "sha512-lyuxPGr/Wfhrlem2CL/UcnUc1zcqKAImBDzukY7Y5F/yQiNdko6+fRLevlw1HgMySw7f611UIY408EtxRSoK3Q==",
      "requires": {
        "js-tokens": "4.0.0"
      }
    },
    "object-assign": {
      "version": "4.1.1",
      "resolved": "https://registry.npmjs.org/object-assign/-/object-assign-4.1.1.tgz",
      "integrity": "sha1-IQmtx5ZYh8/AXLvUQsrIv7s2CGM="
    },
    "prop-types": {
      "version": "15.7.2",
      "resolved": "https://registry.npmjs.org/prop-types/-/prop-types-15.7.2.tgz",
      "integrity": "sha512-8QQikdH7//R2vurIJSutZ1smHYTcLpRWEOlHnzcWHmBYrOGUysKwSsrC89BCiFj3CbrfJ/nXFdJepOVrY1GCHQ==",
      "requires": {
        "loose-envify": "1.4.0",
        "object-assign": "4.1.1",
        "react-is": "16.8.6"
      }
    },
    "react-is": {
      "version": "16.8.6",
      "resolved": "https://registry.npmjs.org/react-is/-/react-is-16.8.6.tgz",
      "integrity": "sha512-aUk3bHfZ2bRSVFFbbeVS4i+lNPZr3/WM5jT2J5omUVV1zzcs1nAaf3l51ctA5FFvCRbhrH0bdAsRRQddFJZPtA=="
    },
    "react-smooth-dnd": {
      "version": "0.11.0",
      "resolved": "https://registry.npmjs.org/react-smooth-dnd/-/react-smooth-dnd-0.11.0.tgz",
      "integrity": "sha512-zo14IBA3MOilZ/DOTD35CwOy1Exh+GWbMXWIsyQVlmrMBi59mc3HupKVGtS/iXb2V8FbmUOMq1csvblI86Uh0w==",
      "requires": {
        "prop-types": "15.7.2",
        "smooth-dnd": "0.12.0"
      }
    },
    "smooth-dnd": {
      "version": "0.12.0",
      "resolved": "https://registry.npmjs.org/smooth-dnd/-/smooth-dnd-0.12.0.tgz",
      "integrity": "sha512-w+/YW1TFram8FW/bYiirRcAGSIdVVjxFRtCBqJ2fkEJpm28zwbdMyXVQCralBUTITMjZp6VHGQJ73UTSIER1lA=="
    }
  }
}
