
Microsoft Visual Studio Solution File, Format Version 12.00
# Visual Studio 2013
VisualStudioVersion = 12.0.31101.0
MinimumVisualStudioVersion = 10.0.40219.1
Project("{FAE04EC0-301F-11D3-BF4B-00C04F79EFBC}") = "Proxy", "Proxy\Proxy.csproj", "{E811034A-303D-43F4-93ED-CD973179D44F}"
EndProject
Global
	GlobalSection(SolutionConfigurationPlatforms) = preSolution
		Debug|Any CPU = Debug|Any CPU
		Release|Any CPU = Release|Any CPU
	EndGlobalSection
	GlobalSection(ProjectConfigurationPlatforms) = postSolution
		{E811034A-303D-43F4-93ED-CD973179D44F}.Debug|Any CPU.ActiveCfg = Debug|Any CPU
		{E811034A-303D-43F4-93ED-CD973179D44F}.Debug|Any CPU.Build.0 = Debug|Any CPU
		{E811034A-303D-43F4-93ED-CD973179D44F}.Release|Any CPU.ActiveCfg = Release|Any CPU
		{E811034A-303D-43F4-93ED-CD973179D44F}.Release|Any CPU.Build.0 = Release|Any CPU
	EndGlobalSection
	GlobalSection(SolutionProperties) = preSolution
		HideSolutionNode = FALSE
	EndGlobalSection
EndGlobal
